
Microsoft Visual Studio Solution File, Format Version 12.00
# Visual Studio Version 17
VisualStudioVersion = 17.14.36511.14 d17.14
MinimumVisualStudioVersion = 10.0.40219.1
Project("{FAE04EC0-301F-11D3-BF4B-00C04F79EFBC}") = "BusquedaDinámicaDGV", "BusquedaDinámicaDGV\BusquedaDinámicaDGV.csproj", "{C3A372E0-3C85-463E-B409-6CB5DCDB3064}"
EndProject
Global
	GlobalSection(SolutionConfigurationPlatforms) = preSolution
		Debug|Any CPU = Debug|Any CPU
		Release|Any CPU = Release|Any CPU
	EndGlobalSection
	GlobalSection(ProjectConfigurationPlatforms) = postSolution
		{C3A372E0-3C85-463E-B409-6CB5DCDB3064}.Debug|Any CPU.ActiveCfg = Debug|Any CPU
		{C3A372E0-3C85-463E-B409-6CB5DCDB3064}.Debug|Any CPU.Build.0 = Debug|Any CPU
		{C3A372E0-3C85-463E-B409-6CB5DCDB3064}.Release|Any CPU.ActiveCfg = Release|Any CPU
		{C3A372E0-3C85-463E-B409-6CB5DCDB3064}.Release|Any CPU.Build.0 = Release|Any CPU
	EndGlobalSection
	GlobalSection(SolutionProperties) = preSolution
		HideSolutionNode = FALSE
	EndGlobalSection
	GlobalSection(ExtensibilityGlobals) = postSolution
		SolutionGuid = {E71172DD-20D7-4315-AAD2-0ECA260DFEA5}
	EndGlobalSection
EndGlobal
